
Microsoft Visual Studio Solution File, Format Version 12.00
# Visual Studio 15
VisualStudioVersion = 15.0.27703.2035
MinimumVisualStudioVersion = 10.0.40219.1
Project("{FAE04EC0-301F-11D3-BF4B-00C04F79EFBC}") = "Main", "Main\Main.csproj", "{5F5B7052-E85D-4163-B3F4-7DF66ED05DD5}"
EndProject
Global
	GlobalSection(SolutionConfigurationPlatforms) = preSolution
		Debug|Any CPU = Debug|Any CPU
		Release|Any CPU = Release|Any CPU
	EndGlobalSection
	GlobalSection(ProjectConfigurationPlatforms) = postSolution
		{5F5B7052-E85D-4163-B3F4-7DF66ED05DD5}.Debug|Any CPU.ActiveCfg = Debug|Any CPU
		{5F5B7052-E85D-4163-B3F4-7DF66ED05DD5}.Debug|Any CPU.Build.0 = Debug|Any CPU
		{5F5B7052-E85D-4163-B3F4-7DF66ED05DD5}.Release|Any CPU.ActiveCfg = Release|Any CPU
		{5F5B7052-E85D-4163-B3F4-7DF66ED05DD5}.Release|Any CPU.Build.0 = Release|Any CPU
	EndGlobalSection
	GlobalSection(SolutionProperties) = preSolution
		HideSolutionNode = FALSE
	EndGlobalSection
	GlobalSection(ExtensibilityGlobals) = postSolution
		SolutionGuid = {EFA56A02-B0C0-45E9-8901-E91640BA31CC}
	EndGlobalSection
EndGlobal
